
Microsoft Visual Studio Solution File, Format Version 12.00
# Visual Studio Version 16
VisualStudioVersion = 16.0.29411.108
MinimumVisualStudioVersion = 10.0.40219.1
Project("{9A19103F-16F7-4668-BE54-9A1E7A4F7556}") = "DedupeLibrary", "DedupeLibrary\DedupeLibrary.csproj", "{D3FB5B53-C501-4D34-81D3-D2E417252797}"
EndProject
Project("{9A19103F-16F7-4668-BE54-9A1E7A4F7556}") = "Cli", "Cli\Cli.csproj", "{FC07E3CB-1A06-4A7C-A241-BBFA3C336CF7}"
EndProject
Project("{9A19103F-16F7-4668-BE54-9A1E7A4F7556}") = "Test", "Test\Test.csproj", "{D42E3BCE-DEF7-429B-BF82-9A0EF78FC7A6}"
EndProject
Project("{9A19103F-16F7-4668-BE54-9A1E7A4F7556}") = "Test.External", "Test.External\Test.External.csproj", "{CCC55F2C-9526-4726-9768-732654E855A1}"
EndProject
Project("{9A19103F-16F7-4668-BE54-9A1E7A4F7556}") = "Test.ReadStream", "Test.ReadStream\Test.ReadStream.csproj", "{963EB96B-0567-457F-A67F-95169558295F}"
EndProject
Project("{FAE04EC0-301F-11D3-BF4B-00C04F79EFBC}") = "SampleApp", "SampleApp\SampleApp.csproj", "{56345D91-2932-47BA-9B09-29D143F1A4F8}"
EndProject
Global
	GlobalSection(SolutionConfigurationPlatforms) = preSolution
		Debug|Any CPU = Debug|Any CPU
		Release|Any CPU = Release|Any CPU
	EndGlobalSection
	GlobalSection(ProjectConfigurationPlatforms) = postSolution
		{D3FB5B53-C501-4D34-81D3-D2E417252797}.Debug|Any CPU.ActiveCfg = Debug|Any CPU
		{D3FB5B53-C501-4D34-81D3-D2E417252797}.Debug|Any CPU.Build.0 = Debug|Any CPU
		{D3FB5B53-C501-4D34-81D3-D2E417252797}.Release|Any CPU.ActiveCfg = Release|Any CPU
		{D3FB5B53-C501-4D34-81D3-D2E417252797}.Release|Any CPU.Build.0 = Release|Any CPU
		{FC07E3CB-1A06-4A7C-A241-BBFA3C336CF7}.Debug|Any CPU.ActiveCfg = Debug|Any CPU
		{FC07E3CB-1A06-4A7C-A241-BBFA3C336CF7}.Debug|Any CPU.Build.0 = Debug|Any CPU
		{FC07E3CB-1A06-4A7C-A241-BBFA3C336CF7}.Release|Any CPU.ActiveCfg = Release|Any CPU
		{FC07E3CB-1A06-4A7C-A241-BBFA3C336CF7}.Release|Any CPU.Build.0 = Release|Any CPU
		{D42E3BCE-DEF7-429B-BF82-9A0EF78FC7A6}.Debug|Any CPU.ActiveCfg = Debug|Any CPU
		{D42E3BCE-DEF7-429B-BF82-9A0EF78FC7A6}.Debug|Any CPU.Build.0 = Debug|Any CPU
		{D42E3BCE-DEF7-429B-BF82-9A0EF78FC7A6}.Release|Any CPU.ActiveCfg = Release|Any CPU
		{D42E3BCE-DEF7-429B-BF82-9A0EF78FC7A6}.Release|Any CPU.Build.0 = Release|Any CPU
		{CCC55F2C-9526-4726-9768-732654E855A1}.Debug|Any CPU.ActiveCfg = Debug|Any CPU
		{CCC55F2C-9526-4726-9768-732654E855A1}.Debug|Any CPU.Build.0 = Debug|Any CPU
		{CCC55F2C-9526-4726-9768-732654E855A1}.Release|Any CPU.ActiveCfg = Release|Any CPU
		{CCC55F2C-9526-4726-9768-732654E855A1}.Release|Any CPU.Build.0 = Release|Any CPU
		{963EB96B-0567-457F-A67F-95169558295F}.Debug|Any CPU.ActiveCfg = Debug|Any CPU
		{963EB96B-0567-457F-A67F-95169558295F}.Debug|Any CPU.Build.0 = Debug|Any CPU
		{963EB96B-0567-457F-A67F-95169558295F}.Release|Any CPU.ActiveCfg = Release|Any CPU
		{963EB96B-0567-457F-A67F-95169558295F}.Release|Any CPU.Build.0 = Release|Any CPU
		{56345D91-2932-47BA-9B09-29D143F1A4F8}.Debug|Any CPU.ActiveCfg = Debug|Any CPU
		{56345D91-2932-47BA-9B09-29D143F1A4F8}.Debug|Any CPU.Build.0 = Debug|Any CPU
		{56345D91-2932-47BA-9B09-29D143F1A4F8}.Release|Any CPU.ActiveCfg = Release|Any CPU
		{56345D91-2932-47BA-9B09-29D143F1A4F8}.Release|Any CPU.Build.0 = Release|Any CPU
	EndGlobalSection
	GlobalSection(SolutionProperties) = preSolution
		HideSolutionNode = FALSE
	EndGlobalSection
	GlobalSection(ExtensibilityGlobals) = postSolution
		SolutionGuid = {67F19A98-DBAA-4683-A2EA-9ED05CEEECE3}
	EndGlobalSection
EndGlobal
